{
  "name": "javascript-cfg-graph",
  "version": "1.0.0",
  "lockfileVersion": 1,
  "requires": true,
  "dependencies": {
    "acorn": {
      "version": "6.0.2",
      "resolved": "https://registry.npmjs.org/acorn/-/acorn-6.0.2.tgz",
      "integrity": "sha512-GXmKIvbrN3TV7aVqAzVFaMW8F8wzVX7voEBRO3bDA64+EX37YSayggRJP5Xig6HYHBkWKpFg9W5gg6orklubhg=="
    },
    "acorn-jsx": {
      "version": "3.0.1",
      "resolved": "http://registry.npmjs.org/acorn-jsx/-/acorn-jsx-3.0.1.tgz",
      "integrity": "sha1-r9+UiPsezvyDSPb7IvRk4ypYs2s=",
      "requires": {
        "acorn": "^3.0.4"
      },
      "dependencies": {
        "acorn": {
          "version": "3.3.0",
          "resolved": "http://registry.npmjs.org/acorn/-/acorn-3.3.0.tgz",
          "integrity": "sha1-ReN/s56No/JbruP/U2niu18iAXo="
        }
      }
    },
    "acorn-walk": {
      "version": "6.1.0",
      "resolved": "https://registry.npmjs.org/acorn-walk/-/acorn-walk-6.1.0.tgz",
      "integrity": "sha512-ugTb7Lq7u4GfWSqqpwE0bGyoBZNMTok/zDBXxfEG0QM50jNlGhIWjRC1pPN7bvV1anhF+bs+/gNcRw+o55Evbg=="
    },
    "emitter-component": {
      "version": "1.1.1",
      "resolved": "https://registry.npmjs.org/emitter-component/-/emitter-component-1.1.1.tgz",
      "integrity": "sha1-Bl4tvtaVm/RwZ57avq95gdEAOrY="
    },
    "esgraph": {
      "version": "0.3.0",
      "resolved": "https://registry.npmjs.org/esgraph/-/esgraph-0.3.0.tgz",
      "integrity": "sha512-kL8BLmSdQMoSG7oWT5KYgwkqDNTo5g89CWd3mJRABktNJof5mqAIm/8RT+bJNzaMO/0+wwkGrfNCeagy9EkNuw==",
      "requires": {
        "espree": "^3.5.2",
        "walkes": "^0.2.0"
      }
    },
    "espree": {
      "version": "3.5.4",
      "resolved": "http://registry.npmjs.org/espree/-/espree-3.5.4.tgz",
      "integrity": "sha512-yAcIQxtmMiB/jL32dzEp2enBeidsB7xWPLNiw3IIkpVds1P+h7qF9YwJq1yUNzp2OKXgAprs4F61ih66UsoD1A==",
      "requires": {
        "acorn": "^5.5.0",
        "acorn-jsx": "^3.0.0"
      },
      "dependencies": {
        "acorn": {
          "version": "5.7.3",
          "resolved": "https://registry.npmjs.org/acorn/-/acorn-5.7.3.tgz",
          "integrity": "sha512-T/zvzYRfbVojPWahDsE5evJdHb3oJoQfFbsrKM7w5Zcs++Tr257tia3BmMP8XYVjp1S9RZXQMh7gao96BlqZOw=="
        }
      }
    },
    "esprima": {
      "version": "4.0.1",
      "resolved": "https://registry.npmjs.org/esprima/-/esprima-4.0.1.tgz",
      "integrity": "sha512-eGuFFw7Upda+g4p+QHvnW0RyTX/SVeJBDM/gCtMARO0cLuT2HcEKnTPvhjV6aGeqrCB/sbNop0Kszm0jsaWU4A=="
    },
    "hammerjs": {
      "version": "2.0.8",
      "resolved": "https://registry.npmjs.org/hammerjs/-/hammerjs-2.0.8.tgz",
      "integrity": "sha1-BO93hiz/K7edMPdpIJWTAiK/YPE="
    },
    "keycharm": {
      "version": "0.2.0",
      "resolved": "https://registry.npmjs.org/keycharm/-/keycharm-0.2.0.tgz",
      "integrity": "sha1-+m6i5DuQpoAohD0n8gddNajD5vk="
    },
    "moment": {
      "version": "2.22.2",
      "resolved": "https://registry.npmjs.org/moment/-/moment-2.22.2.tgz",
      "integrity": "sha1-PCV/mDn8DpP/UxSWMiOeuQeD/2Y="
    },
    "propagating-hammerjs": {
      "version": "1.4.6",
      "resolved": "https://registry.npmjs.org/propagating-hammerjs/-/propagating-hammerjs-1.4.6.tgz",
      "integrity": "sha1-/tAOmwB2f/1C0U9bUxvEk+tnLjc=",
      "requires": {
        "hammerjs": "^2.0.6"
      }
    },
    "styx": {
      "version": "0.0.8",
      "resolved": "https://registry.npmjs.org/styx/-/styx-0.0.8.tgz",
      "integrity": "sha1-E3HrvZ9aMSFiRDi/ntCPJOUPLcI="
    },
    "vis": {
      "version": "4.21.0",
      "resolved": "https://registry.npmjs.org/vis/-/vis-4.21.0.tgz",
      "integrity": "sha1-3XFji/9/ZJXQC8n0DCU1JhM97Ws=",
      "requires": {
        "emitter-component": "^1.1.1",
        "hammerjs": "^2.0.8",
        "keycharm": "^0.2.0",
        "moment": "^2.18.1",
        "propagating-hammerjs": "^1.4.6"
      }
    },
    "walkes": {
      "version": "0.2.1",
      "resolved": "https://registry.npmjs.org/walkes/-/walkes-0.2.1.tgz",
      "integrity": "sha1-fsoUT+Z+0yeC//5ujpX7RIGGR5Y="
    }
  }
}
